<?xml version="1.0" encoding="UTF-8" standalone="yes" ?>
<CodeBlocks_project_file>
	<FileVersion major="1" minor="6" />
	<Project>
		<Option title="cpp-learn" />
		<Option pch_mode="2" />
		<Option compiler="gcc" />
		<Build>
			<Target title="Debug">
				<Option output="bin/Debug/cpp-learn" prefix_auto="1" extension_auto="1" />
				<Option object_output="obj/Debug/" />
				<Option type="1" />
				<Option compiler="gcc" />
				<Compiler>
					<Add option="-g" />
				</Compiler>
			</Target>
			<Target title="Release">
				<Option output="bin/Release/cpp-learn" prefix_auto="1" extension_auto="1" />
				<Option object_output="obj/Release/" />
				<Option type="1" />
				<Option compiler="gcc" />
				<Compiler>
					<Add option="-O2" />
				</Compiler>
				<Linker>
					<Add option="-s" />
				</Linker>
			</Target>
		</Build>
		<Compiler>
			<Add option="-Wall" />
		</Compiler>
		<Unit filename="cpp-basic/crypto.cpp" />
		<Unit filename="cpp-basic/hello.cpp" />
		<Unit filename="cpp-basic/matmul" />
		<Unit filename="cpp-basic/matmul.cpp" />
		<Unit filename="cpp-basic/oo.cpp" />
		<Unit filename="cpp-basic/reverse_str.cpp" />
		<Unit filename="cpp-basic/swap" />
		<Unit filename="cpp-basic/swap.cpp" />
		<Unit filename="cpp-basic/testlist" />
		<Unit filename="cpp-basic/testlist.cpp" />
		<Unit filename="cpp-basic/thread" />
		<Unit filename="cpp-basic/thread.cpp" />
		<Unit filename="cuda-basic/matmul" />
		<Unit filename="cuda-basic/matmul.cu" />
		<Unit filename="cuda-basic/vec_add" />
		<Unit filename="cuda-basic/vec_add.cu" />
		<Unit filename="gprof-basic/gmon.out" />
		<Unit filename="gprof-basic/hello" />
		<Unit filename="gprof-basic/hello.cpp" />
		<Extensions>
			<code_completion />
			<debugger />
		</Extensions>
	</Project>
</CodeBlocks_project_file>
